
Microsoft Visual Studio Solution File, Format Version 12.00
# Visual Studio 14
VisualStudioVersion = 14.0.25420.1
MinimumVisualStudioVersion = 10.0.40219.1
Project("{FAE04EC0-301F-11D3-BF4B-00C04F79EFBC}") = "prisonsystem", "prisonsystem\prisonsystem.csproj", "{AF05150C-1D00-424B-B7E4-410C5C785C69}"
EndProject
Global
	GlobalSection(SolutionConfigurationPlatforms) = preSolution
		Debug|Any CPU = Debug|Any CPU
		Release|Any CPU = Release|Any CPU
	EndGlobalSection
	GlobalSection(ProjectConfigurationPlatforms) = postSolution
		{AF05150C-1D00-424B-B7E4-410C5C785C69}.Debug|Any CPU.ActiveCfg = Debug|Any CPU
		{AF05150C-1D00-424B-B7E4-410C5C785C69}.Debug|Any CPU.Build.0 = Debug|Any CPU
		{AF05150C-1D00-424B-B7E4-410C5C785C69}.Release|Any CPU.ActiveCfg = Release|Any CPU
		{AF05150C-1D00-424B-B7E4-410C5C785C69}.Release|Any CPU.Build.0 = Release|Any CPU
	EndGlobalSection
	GlobalSection(SolutionProperties) = preSolution
		HideSolutionNode = FALSE
	EndGlobalSection
EndGlobal
